// !$*UTF8*$!
{
	archiveVersion = 1;
	classes = {
	};
	objectVersion = 56;
	objects = {

/* Begin PBXBuildFile section */
		AC2525ED299D2B4300030E23 /* OffersPage.swift in Sources */ = {isa = PBXBuildFile; fileRef = AC2525EC299D2B4300030E23 /* OffersPage.swift */; };
		AC47D0AE299FB6F600B40C21 /* DetailsPage.swift in Sources */ = {isa = PBXBuildFile; fileRef = AC47D0AD299FB6F600B40C21 /* DetailsPage.swift */; };
		AC47D0B129A01CF000B40C21 /* Categories.swift in Sources */ = {isa = PBXBuildFile; fileRef = AC47D0B029A01CF000B40C21 /* Categories.swift */; };
		AC47D0B329A01D0100B40C21 /* Product.swift in Sources */ = {isa = PBXBuildFile; fileRef = AC47D0B229A01D0100B40C21 /* Product.swift */; };
		AC47D0B529A0229900B40C21 /* MenuManager.swift in Sources */ = {isa = PBXBuildFile; fileRef = AC47D0B429A0229900B40C21 /* MenuManager.swift */; };
		AC47D0B729A022B100B40C21 /* OrderManager.swift in Sources */ = {isa = PBXBuildFile; fileRef = AC47D0B629A022B100B40C21 /* OrderManager.swift */; };
		AC6AF95A299EC23A003DD055 /* MenuPage.swift in Sources */ = {isa = PBXBuildFile; fileRef = AC6AF959299EC23A003DD055 /* MenuPage.swift */; };
		AC6AF95C299EC253003DD055 /* OrdersPage.swift in Sources */ = {isa = PBXBuildFile; fileRef = AC6AF95B299EC253003DD055 /* OrdersPage.swift */; };
		AC6AF95E299EC26E003DD055 /* InfoPage.swift in Sources */ = {isa = PBXBuildFile; fileRef = AC6AF95D299EC26E003DD055 /* InfoPage.swift */; };
		AC6AF960299EC30F003DD055 /* ProductItem.swift in Sources */ = {isa = PBXBuildFile; fileRef = AC6AF95F299EC30F003DD055 /* ProductItem.swift */; };
		AC8E361229A3C9E300BF90FA /* OrderItem.swift in Sources */ = {isa = PBXBuildFile; fileRef = AC8E361129A3C9E300BF90FA /* OrderItem.swift */; };
		AC93B1CA29A53BBA005EFE2E /* Alamofire in Frameworks */ = {isa = PBXBuildFile; productRef = AC93B1C929A53BBA005EFE2E /* Alamofire */; };
		AC9DD3D9299BF66200F7FCD7 /* CofeeMastersApp.swift in Sources */ = {isa = PBXBuildFile; fileRef = AC9DD3D8299BF66200F7FCD7 /* CofeeMastersApp.swift */; };
		AC9DD3DB299BF66200F7FCD7 /* ContentView.swift in Sources */ = {isa = PBXBuildFile; fileRef = AC9DD3DA299BF66200F7FCD7 /* ContentView.swift */; };
		AC9DD3DD299BF66200F7FCD7 /* Assets.xcassets in Resources */ = {isa = PBXBuildFile; fileRef = AC9DD3DC299BF66200F7FCD7 /* Assets.xcassets */; };
		AC9DD3E0299BF66200F7FCD7 /* Preview Assets.xcassets in Resources */ = {isa = PBXBuildFile; fileRef = AC9DD3DF299BF66200F7FCD7 /* Preview Assets.xcassets */; };
		AC9DD3E7299C235100F7FCD7 /* Offer.swift in Sources */ = {isa = PBXBuildFile; fileRef = AC9DD3E6299C235100F7FCD7 /* Offer.swift */; };
/* End PBXBuildFile section */

/* Begin PBXFileReference section */
		AC2525EC299D2B4300030E23 /* OffersPage.swift */ = {isa = PBXFileReference; lastKnownFileType = sourcecode.swift; path = OffersPage.swift; sourceTree = "<group>"; };
		AC3B911729A688FB005DA0AB /* Info.plist */ = {isa = PBXFileReference; lastKnownFileType = text.plist; path = Info.plist; sourceTree = "<group>"; };
		AC47D0AD299FB6F600B40C21 /* DetailsPage.swift */ = {isa = PBXFileReference; lastKnownFileType = sourcecode.swift; path = DetailsPage.swift; sourceTree = "<group>"; };
		AC47D0B029A01CF000B40C21 /* Categories.swift */ = {isa = PBXFileReference; lastKnownFileType = sourcecode.swift; path = Categories.swift; sourceTree = "<group>"; };
		AC47D0B229A01D0100B40C21 /* Product.swift */ = {isa = PBXFileReference; lastKnownFileType = sourcecode.swift; path = Product.swift; sourceTree = "<group>"; };
		AC47D0B429A0229900B40C21 /* MenuManager.swift */ = {isa = PBXFileReference; lastKnownFileType = sourcecode.swift; path = MenuManager.swift; sourceTree = "<group>"; };
		AC47D0B629A022B100B40C21 /* OrderManager.swift */ = {isa = PBXFileReference; lastKnownFileType = sourcecode.swift; path = OrderManager.swift; sourceTree = "<group>"; };
		AC6AF959299EC23A003DD055 /* MenuPage.swift */ = {isa = PBXFileReference; lastKnownFileType = sourcecode.swift; path = MenuPage.swift; sourceTree = "<group>"; };
		AC6AF95B299EC253003DD055 /* OrdersPage.swift */ = {isa = PBXFileReference; lastKnownFileType = sourcecode.swift; path = OrdersPage.swift; sourceTree = "<group>"; };
		AC6AF95D299EC26E003DD055 /* InfoPage.swift */ = {isa = PBXFileReference; lastKnownFileType = sourcecode.swift; path = InfoPage.swift; sourceTree = "<group>"; };
		AC6AF95F299EC30F003DD055 /* ProductItem.swift */ = {isa = PBXFileReference; lastKnownFileType = sourcecode.swift; path = ProductItem.swift; sourceTree = "<group>"; };
		AC8E361129A3C9E300BF90FA /* OrderItem.swift */ = {isa = PBXFileReference; lastKnownFileType = sourcecode.swift; path = OrderItem.swift; sourceTree = "<group>"; };
		AC9DD3D5299BF66200F7FCD7 /* CofeeMasters.app */ = {isa = PBXFileReference; explicitFileType = wrapper.application; includeInIndex = 0; path = CofeeMasters.app; sourceTree = BUILT_PRODUCTS_DIR; };
		AC9DD3D8299BF66200F7FCD7 /* CofeeMastersApp.swift */ = {isa = PBXFileReference; lastKnownFileType = sourcecode.swift; path = CofeeMastersApp.swift; sourceTree = "<group>"; };
		AC9DD3DA299BF66200F7FCD7 /* ContentView.swift */ = {isa = PBXFileReference; lastKnownFileType = sourcecode.swift; path = ContentView.swift; sourceTree = "<group>"; };
		AC9DD3DC299BF66200F7FCD7 /* Assets.xcassets */ = {isa = PBXFileReference; lastKnownFileType = folder.assetcatalog; path = Assets.xcassets; sourceTree = "<group>"; };
		AC9DD3DF299BF66200F7FCD7 /* Preview Assets.xcassets */ = {isa = PBXFileReference; lastKnownFileType = folder.assetcatalog; path = "Preview Assets.xcassets"; sourceTree = "<group>"; };
		AC9DD3E6299C235100F7FCD7 /* Offer.swift */ = {isa = PBXFileReference; lastKnownFileType = sourcecode.swift; path = Offer.swift; sourceTree = "<group>"; };
/* End PBXFileReference section */

/* Begin PBXFrameworksBuildPhase section */
		AC9DD3D2299BF66200F7FCD7 /* Frameworks */ = {
			isa = PBXFrameworksBuildPhase;
			buildActionMask = 2147483647;
			files = (
				AC93B1CA29A53BBA005EFE2E /* Alamofire in Frameworks */,
			);
			runOnlyForDeploymentPostprocessing = 0;
		};
/* End PBXFrameworksBuildPhase section */

/* Begin PBXGroup section */
		AC2525EE299D3D5400030E23 /* Views */ = {
			isa = PBXGroup;
			children = (
				AC9DD3D8299BF66200F7FCD7 /* CofeeMastersApp.swift */,
				AC9DD3DA299BF66200F7FCD7 /* ContentView.swift */,
				AC9DD3E6299C235100F7FCD7 /* Offer.swift */,
				AC6AF95F299EC30F003DD055 /* ProductItem.swift */,
				AC8E361129A3C9E300BF90FA /* OrderItem.swift */,
			);
			path = Views;
			sourceTree = "<group>";
		};
		AC2525F0299D3D6E00030E23 /* Page Views */ = {
			isa = PBXGroup;
			children = (
				AC2525EC299D2B4300030E23 /* OffersPage.swift */,
				AC6AF959299EC23A003DD055 /* MenuPage.swift */,
				AC6AF95B299EC253003DD055 /* OrdersPage.swift */,
				AC6AF95D299EC26E003DD055 /* InfoPage.swift */,
				AC47D0AD299FB6F600B40C21 /* DetailsPage.swift */,
			);
			path = "Page Views";
			sourceTree = "<group>";
		};
		AC47D0AF29A01CD500B40C21 /* Model */ = {
			isa = PBXGroup;
			children = (
				AC47D0B029A01CF000B40C21 /* Categories.swift */,
				AC47D0B229A01D0100B40C21 /* Product.swift */,
				AC47D0B429A0229900B40C21 /* MenuManager.swift */,
				AC47D0B629A022B100B40C21 /* OrderManager.swift */,
			);
			path = Model;
			sourceTree = "<group>";
		};
		AC9DD3CC299BF66200F7FCD7 = {
			isa = PBXGroup;
			children = (
				AC9DD3D7299BF66200F7FCD7 /* CofeeMasters */,
				AC9DD3D6299BF66200F7FCD7 /* Products */,
			);
			sourceTree = "<group>";
		};
		AC9DD3D6299BF66200F7FCD7 /* Products */ = {
			isa = PBXGroup;
			children = (
				AC9DD3D5299BF66200F7FCD7 /* CofeeMasters.app */,
			);
			name = Products;
			sourceTree = "<group>";
		};
		AC9DD3D7299BF66200F7FCD7 /* CofeeMasters */ = {
			isa = PBXGroup;
			children = (
				AC3B911729A688FB005DA0AB /* Info.plist */,
				AC47D0AF29A01CD500B40C21 /* Model */,
				AC2525F0299D3D6E00030E23 /* Page Views */,
				AC2525EE299D3D5400030E23 /* Views */,
				AC9DD3DC299BF66200F7FCD7 /* Assets.xcassets */,
				AC9DD3DE299BF66200F7FCD7 /* Preview Content */,
			);
			path = CofeeMasters;
			sourceTree = "<group>";
		};
		AC9DD3DE299BF66200F7FCD7 /* Preview Content */ = {
			isa = PBXGroup;
			children = (
				AC9DD3DF299BF66200F7FCD7 /* Preview Assets.xcassets */,
			);
			path = "Preview Content";
			sourceTree = "<group>";
		};
/* End PBXGroup section */

/* Begin PBXNativeTarget section */
		AC9DD3D4299BF66200F7FCD7 /* CofeeMasters */ = {
			isa = PBXNativeTarget;
			buildConfigurationList = AC9DD3E3299BF66200F7FCD7 /* Build configuration list for PBXNativeTarget "CofeeMasters" */;
			buildPhases = (
				AC9DD3D1299BF66200F7FCD7 /* Sources */,
				AC9DD3D2299BF66200F7FCD7 /* Frameworks */,
				AC9DD3D3299BF66200F7FCD7 /* Resources */,
			);
			buildRules = (
			);
			dependencies = (
			);
			name = CofeeMasters;
			packageProductDependencies = (
				AC93B1C929A53BBA005EFE2E /* Alamofire */,
			);
			productName = CofeeMasters;
			productReference = AC9DD3D5299BF66200F7FCD7 /* CofeeMasters.app */;
			productType = "com.apple.product-type.application";
		};
/* End PBXNativeTarget section */

/* Begin PBXProject section */
		AC9DD3CD299BF66200F7FCD7 /* Project object */ = {
			isa = PBXProject;
			attributes = {
				BuildIndependentTargetsInParallel = 1;
				LastSwiftUpdateCheck = 1410;
				LastUpgradeCheck = 1410;
				TargetAttributes = {
					AC9DD3D4299BF66200F7FCD7 = {
						CreatedOnToolsVersion = 14.1;
					};
				};
			};
			buildConfigurationList = AC9DD3D0299BF66200F7FCD7 /* Build configuration list for PBXProject "CofeeMasters" */;
			compatibilityVersion = "Xcode 14.0";
			developmentRegion = en;
			hasScannedForEncodings = 0;
			knownRegions = (
				en,
				Base,
			);
			mainGroup = AC9DD3CC299BF66200F7FCD7;
			packageReferences = (
				AC93B1C829A53BBA005EFE2E /* XCRemoteSwiftPackageReference "Alamofire" */,
			);
			productRefGroup = AC9DD3D6299BF66200F7FCD7 /* Products */;
			projectDirPath = "";
			projectRoot = "";
			targets = (
				AC9DD3D4299BF66200F7FCD7 /* CofeeMasters */,
			);
		};
/* End PBXProject section */

/* Begin PBXResourcesBuildPhase section */
		AC9DD3D3299BF66200F7FCD7 /* Resources */ = {
			isa = PBXResourcesBuildPhase;
			buildActionMask = 2147483647;
			files = (
				AC9DD3E0299BF66200F7FCD7 /* Preview Assets.xcassets in Resources */,
				AC9DD3DD299BF66200F7FCD7 /* Assets.xcassets in Resources */,
			);
			runOnlyForDeploymentPostprocessing = 0;
		};
/* End PBXResourcesBuildPhase section */

/* Begin PBXSourcesBuildPhase section */
		AC9DD3D1299BF66200F7FCD7 /* Sources */ = {
			isa = PBXSourcesBuildPhase;
			buildActionMask = 2147483647;
			files = (
				AC47D0B529A0229900B40C21 /* MenuManager.swift in Sources */,
				AC9DD3E7299C235100F7FCD7 /* Offer.swift in Sources */,
				AC2525ED299D2B4300030E23 /* OffersPage.swift in Sources */,
				AC6AF95A299EC23A003DD055 /* MenuPage.swift in Sources */,
				AC47D0AE299FB6F600B40C21 /* DetailsPage.swift in Sources */,
				AC9DD3DB299BF66200F7FCD7 /* ContentView.swift in Sources */,
				AC47D0B329A01D0100B40C21 /* Product.swift in Sources */,
				AC6AF960299EC30F003DD055 /* ProductItem.swift in Sources */,
				AC6AF95E299EC26E003DD055 /* InfoPage.swift in Sources */,
				AC8E361229A3C9E300BF90FA /* OrderItem.swift in Sources */,
				AC47D0B129A01CF000B40C21 /* Categories.swift in Sources */,
				AC6AF95C299EC253003DD055 /* OrdersPage.swift in Sources */,
				AC9DD3D9299BF66200F7FCD7 /* CofeeMastersApp.swift in Sources */,
				AC47D0B729A022B100B40C21 /* OrderManager.swift in Sources */,
			);
			runOnlyForDeploymentPostprocessing = 0;
		};
/* End PBXSourcesBuildPhase section */

/* Begin XCBuildConfiguration section */
		AC9DD3E1299BF66200F7FCD7 /* Debug */ = {
			isa = XCBuildConfiguration;
			buildSettings = {
				ALWAYS_SEARCH_USER_PATHS = NO;
				CLANG_ANALYZER_NONNULL = YES;
				CLANG_ANALYZER_NUMBER_OBJECT_CONVERSION = YES_AGGRESSIVE;
				CLANG_CXX_LANGUAGE_STANDARD = "gnu++20";
				CLANG_ENABLE_MODULES = YES;
				CLANG_ENABLE_OBJC_ARC = YES;
				CLANG_ENABLE_OBJC_WEAK = YES;
				CLANG_WARN_BLOCK_CAPTURE_AUTORELEASING = YES;
				CLANG_WARN_BOOL_CONVERSION = YES;
				CLANG_WARN_COMMA = YES;
				CLANG_WARN_CONSTANT_CONVERSION = YES;
				CLANG_WARN_DEPRECATED_OBJC_IMPLEMENTATIONS = YES;
				CLANG_WARN_DIRECT_OBJC_ISA_USAGE = YES_ERROR;
				CLANG_WARN_DOCUMENTATION_COMMENTS = YES;
				CLANG_WARN_EMPTY_BODY = YES;
				CLANG_WARN_ENUM_CONVERSION = YES;
				CLANG_WARN_INFINITE_RECURSION = YES;
				CLANG_WARN_INT_CONVERSION = YES;
				CLANG_WARN_NON_LITERAL_NULL_CONVERSION = YES;
				CLANG_WARN_OBJC_IMPLICIT_RETAIN_SELF = YES;
				CLANG_WARN_OBJC_LITERAL_CONVERSION = YES;
				CLANG_WARN_OBJC_ROOT_CLASS = YES_ERROR;
				CLANG_WARN_QUOTED_INCLUDE_IN_FRAMEWORK_HEADER = YES;
				CLANG_WARN_RANGE_LOOP_ANALYSIS = YES;
				CLANG_WARN_STRICT_PROTOTYPES = YES;
				CLANG_WARN_SUSPICIOUS_MOVE = YES;
				CLANG_WARN_UNGUARDED_AVAILABILITY = YES_AGGRESSIVE;
				CLANG_WARN_UNREACHABLE_CODE = YES;
				CLANG_WARN__DUPLICATE_METHOD_MATCH = YES;
				COPY_PHASE_STRIP = NO;
				DEBUG_INFORMATION_FORMAT = dwarf;
				ENABLE_STRICT_OBJC_MSGSEND = YES;
				ENABLE_TESTABILITY = YES;
				GCC_C_LANGUAGE_STANDARD = gnu11;
				GCC_DYNAMIC_NO_PIC = NO;
				GCC_NO_COMMON_BLOCKS = YES;
				GCC_OPTIMIZATION_LEVEL = 0;
				GCC_PREPROCESSOR_DEFINITIONS = (
					"DEBUG=1",
					"$(inherited)",
				);
				GCC_WARN_64_TO_32_BIT_CONVERSION = YES;
				GCC_WARN_ABOUT_RETURN_TYPE = YES_ERROR;
				GCC_WARN_UNDECLARED_SELECTOR = YES;
				GCC_WARN_UNINITIALIZED_AUTOS = YES_AGGRESSIVE;
				GCC_WARN_UNUSED_FUNCTION = YES;
				GCC_WARN_UNUSED_VARIABLE = YES;
				IPHONEOS_DEPLOYMENT_TARGET = 16.1;
				MTL_ENABLE_DEBUG_INFO = INCLUDE_SOURCE;
				MTL_FAST_MATH = YES;
				ONLY_ACTIVE_ARCH = YES;
				SDKROOT = iphoneos;
				SWIFT_ACTIVE_COMPILATION_CONDITIONS = DEBUG;
				SWIFT_OPTIMIZATION_LEVEL = "-Onone";
			};
			name = Debug;
		};
		AC9DD3E2299BF66200F7FCD7 /* Release */ = {
			isa = XCBuildConfiguration;
			buildSettings = {
				ALWAYS_SEARCH_USER_PATHS = NO;
				CLANG_ANALYZER_NONNULL = YES;
				CLANG_ANALYZER_NUMBER_OBJECT_CONVERSION = YES_AGGRESSIVE;
				CLANG_CXX_LANGUAGE_STANDARD = "gnu++20";
				CLANG_ENABLE_MODULES = YES;
				CLANG_ENABLE_OBJC_ARC = YES;
				CLANG_ENABLE_OBJC_WEAK = YES;
				CLANG_WARN_BLOCK_CAPTURE_AUTORELEASING = YES;
				CLANG_WARN_BOOL_CONVERSION = YES;
				CLANG_WARN_COMMA = YES;
				CLANG_WARN_CONSTANT_CONVERSION = YES;
				CLANG_WARN_DEPRECATED_OBJC_IMPLEMENTATIONS = YES;
				CLANG_WARN_DIRECT_OBJC_ISA_USAGE = YES_ERROR;
				CLANG_WARN_DOCUMENTATION_COMMENTS = YES;
				CLANG_WARN_EMPTY_BODY = YES;
				CLANG_WARN_ENUM_CONVERSION = YES;
				CLANG_WARN_INFINITE_RECURSION = YES;
				CLANG_WARN_INT_CONVERSION = YES;
				CLANG_WARN_NON_LITERAL_NULL_CONVERSION = YES;
				CLANG_WARN_OBJC_IMPLICIT_RETAIN_SELF = YES;
				CLANG_WARN_OBJC_LITERAL_CONVERSION = YES;
				CLANG_WARN_OBJC_ROOT_CLASS = YES_ERROR;
				CLANG_WARN_QUOTED_INCLUDE_IN_FRAMEWORK_HEADER = YES;
				CLANG_WARN_RANGE_LOOP_ANALYSIS = YES;
				CLANG_WARN_STRICT_PROTOTYPES = YES;
				CLANG_WARN_SUSPICIOUS_MOVE = YES;
				CLANG_WARN_UNGUARDED_AVAILABILITY = YES_AGGRESSIVE;
				CLANG_WARN_UNREACHABLE_CODE = YES;
				CLANG_WARN__DUPLICATE_METHOD_MATCH = YES;
				COPY_PHASE_STRIP = NO;
				DEBUG_INFORMATION_FORMAT = "dwarf-with-dsym";
				ENABLE_NS_ASSERTIONS = NO;
				ENABLE_STRICT_OBJC_MSGSEND = YES;
				GCC_C_LANGUAGE_STANDARD = gnu11;
				GCC_NO_COMMON_BLOCKS = YES;
				GCC_WARN_64_TO_32_BIT_CONVERSION = YES;
				GCC_WARN_ABOUT_RETURN_TYPE = YES_ERROR;
				GCC_WARN_UNDECLARED_SELECTOR = YES;
				GCC_WARN_UNINITIALIZED_AUTOS = YES_AGGRESSIVE;
				GCC_WARN_UNUSED_FUNCTION = YES;
				GCC_WARN_UNUSED_VARIABLE = YES;
				IPHONEOS_DEPLOYMENT_TARGET = 16.1;
				MTL_ENABLE_DEBUG_INFO = NO;
				MTL_FAST_MATH = YES;
				SDKROOT = iphoneos;
				SWIFT_COMPILATION_MODE = wholemodule;
				SWIFT_OPTIMIZATION_LEVEL = "-O";
				VALIDATE_PRODUCT = YES;
			};
			name = Release;
		};
		AC9DD3E4299BF66200F7FCD7 /* Debug */ = {
			isa = XCBuildConfiguration;
			buildSettings = {
				ASSETCATALOG_COMPILER_APPICON_NAME = AppIcon;
				ASSETCATALOG_COMPILER_GLOBAL_ACCENT_COLOR_NAME = AccentColor;
				CODE_SIGN_STYLE = Automatic;
				CURRENT_PROJECT_VERSION = 1;
				DEVELOPMENT_ASSET_PATHS = "\"CofeeMasters/Preview Content\"";
				DEVELOPMENT_TEAM = TRHNAKB283;
				ENABLE_PREVIEWS = YES;
				EXCLUDED_ARCHS = "";
				GENERATE_INFOPLIST_FILE = YES;
				INFOPLIST_FILE = CofeeMasters/Info.plist;
				INFOPLIST_KEY_UIApplicationSceneManifest_Generation = YES;
				INFOPLIST_KEY_UIApplicationSupportsIndirectInputEvents = YES;
				INFOPLIST_KEY_UISupportedInterfaceOrientations_iPad = "UIInterfaceOrientationPortrait UIInterfaceOrientationPortraitUpsideDown UIInterfaceOrientationLandscapeLeft UIInterfaceOrientationLandscapeRight";
				INFOPLIST_KEY_UISupportedInterfaceOrientations_iPhone = "UIInterfaceOrientationPortrait UIInterfaceOrientationLandscapeLeft UIInterfaceOrientationLandscapeRight";
				IPHONEOS_DEPLOYMENT_TARGET = 15.0;
				LD_RUNPATH_SEARCH_PATHS = (
					"$(inherited)",
					"@executable_path/Frameworks",
				);
				MARKETING_VERSION = 1.0;
				PRODUCT_BUNDLE_IDENTIFIER = com.tratino.CofeeMasters;
				PRODUCT_NAME = "$(TARGET_NAME)";
				SWIFT_EMIT_LOC_STRINGS = YES;
				SWIFT_VERSION = 5.0;
				TARGETED_DEVICE_FAMILY = "1,2";
			};
			name = Debug;
		};
		AC9DD3E5299BF66200F7FCD7 /* Release */ = {
			isa = XCBuildConfiguration;
			buildSettings = {
				ASSETCATALOG_COMPILER_APPICON_NAME = AppIcon;
				ASSETCATALOG_COMPILER_GLOBAL_ACCENT_COLOR_NAME = AccentColor;
				CODE_SIGN_STYLE = Automatic;
				CURRENT_PROJECT_VERSION = 1;
				DEVELOPMENT_ASSET_PATHS = "\"CofeeMasters/Preview Content\"";
				DEVELOPMENT_TEAM = TRHNAKB283;
				ENABLE_PREVIEWS = YES;
				EXCLUDED_ARCHS = "";
				GENERATE_INFOPLIST_FILE = YES;
				INFOPLIST_FILE = CofeeMasters/Info.plist;
				INFOPLIST_KEY_UIApplicationSceneManifest_Generation = YES;
				INFOPLIST_KEY_UIApplicationSupportsIndirectInputEvents = YES;
				INFOPLIST_KEY_UISupportedInterfaceOrientations_iPad = "UIInterfaceOrientationPortrait UIInterfaceOrientationPortraitUpsideDown UIInterfaceOrientationLandscapeLeft UIInterfaceOrientationLandscapeRight";
				INFOPLIST_KEY_UISupportedInterfaceOrientations_iPhone = "UIInterfaceOrientationPortrait UIInterfaceOrientationLandscapeLeft UIInterfaceOrientationLandscapeRight";
				IPHONEOS_DEPLOYMENT_TARGET = 15.0;
				LD_RUNPATH_SEARCH_PATHS = (
					"$(inherited)",
					"@executable_path/Frameworks",
				);
				MARKETING_VERSION = 1.0;
				PRODUCT_BUNDLE_IDENTIFIER = com.tratino.CofeeMasters;
				PRODUCT_NAME = "$(TARGET_NAME)";
				SWIFT_EMIT_LOC_STRINGS = YES;
				SWIFT_VERSION = 5.0;
				TARGETED_DEVICE_FAMILY = "1,2";
			};
			name = Release;
		};
/* End XCBuildConfiguration section */

/* Begin XCConfigurationList section */
		AC9DD3D0299BF66200F7FCD7 /* Build configuration list for PBXProject "CofeeMasters" */ = {
			isa = XCConfigurationList;
			buildConfigurations = (
				AC9DD3E1299BF66200F7FCD7 /* Debug */,
				AC9DD3E2299BF66200F7FCD7 /* Release */,
			);
			defaultConfigurationIsVisible = 0;
			defaultConfigurationName = Release;
		};
		AC9DD3E3299BF66200F7FCD7 /* Build configuration list for PBXNativeTarget "CofeeMasters" */ = {
			isa = XCConfigurationList;
			buildConfigurations = (
				AC9DD3E4299BF66200F7FCD7 /* Debug */,
				AC9DD3E5299BF66200F7FCD7 /* Release */,
			);
			defaultConfigurationIsVisible = 0;
			defaultConfigurationName = Release;
		};
/* End XCConfigurationList section */

/* Begin XCRemoteSwiftPackageReference section */
		AC93B1C829A53BBA005EFE2E /* XCRemoteSwiftPackageReference "Alamofire" */ = {
			isa = XCRemoteSwiftPackageReference;
			repositoryURL = "https://github.com/Alamofire/Alamofire.git";
			requirement = {
				branch = master;
				kind = branch;
			};
		};
/* End XCRemoteSwiftPackageReference section */

/* Begin XCSwiftPackageProductDependency section */
		AC93B1C929A53BBA005EFE2E /* Alamofire */ = {
			isa = XCSwiftPackageProductDependency;
			package = AC93B1C829A53BBA005EFE2E /* XCRemoteSwiftPackageReference "Alamofire" */;
			productName = Alamofire;
		};
/* End XCSwiftPackageProductDependency section */
	};
	rootObject = AC9DD3CD299BF66200F7FCD7 /* Project object */;
}
